
Microsoft Visual Studio Solution File, Format Version 12.00
# Visual Studio Version 17
VisualStudioVersion = 17.2.32516.85
MinimumVisualStudioVersion = 10.0.40219.1
Project("{9A19103F-16F7-4668-BE54-9A1E7A4F7556}") = "BattleNetPrefill", "BattleNetPrefill\BattleNetPrefill.csproj", "{7A7ADAC8-F8D4-4557-949F-67BCF6F3057D}"
EndProject
Project("{2150E333-8FDC-42A3-9474-1A3956D46DE8}") = "Tests", "Tests", "{2C92A98A-5193-48A6-9B4B-992B803C04FE}"
EndProject
Project("{9A19103F-16F7-4668-BE54-9A1E7A4F7556}") = "BattleNetPrefill.Test", "BattleNetPrefill.Test\BattleNetPrefill.Test.csproj", "{6E977C05-A385-43EB-8176-2FC801891CDB}"
EndProject
Project("{2150E333-8FDC-42A3-9474-1A3956D46DE8}") = "Solution Items", "Solution Items", "{FBFF3357-782F-4754-B495-AB0C8203F76B}"
	ProjectSection(SolutionItems) = preProject
		.editorconfig = .editorconfig
		.github\workflows\actions.yml = .github\workflows\actions.yml
		docs\Development.md = docs\Development.md
		global.json = global.json
		README.md = README.md
	EndProjectSection
EndProject
Project("{9A19103F-16F7-4668-BE54-9A1E7A4F7556}") = "Benchmarks", "Benchmarks\Benchmarks.csproj", "{E47D1521-6631-4326-9906-E5794767BB8E}"
EndProject
Project("{9A19103F-16F7-4668-BE54-9A1E7A4F7556}") = "LogFileGenerator", "LogFileGenerator\LogFileGenerator.csproj", "{EB693B7C-27A1-46FC-8D5E-6516120BDBED}"
EndProject
Project("{2150E333-8FDC-42A3-9474-1A3956D46DE8}") = "Util", "Util", "{A7E980C5-2009-498D-8186-92C23331E836}"
EndProject
Global
	GlobalSection(SolutionConfigurationPlatforms) = preSolution
		Debug|Any CPU = Debug|Any CPU
		Release|Any CPU = Release|Any CPU
	EndGlobalSection
	GlobalSection(ProjectConfigurationPlatforms) = postSolution
		{7A7ADAC8-F8D4-4557-949F-67BCF6F3057D}.Debug|Any CPU.ActiveCfg = Debug|Any CPU
		{7A7ADAC8-F8D4-4557-949F-67BCF6F3057D}.Debug|Any CPU.Build.0 = Debug|Any CPU
		{7A7ADAC8-F8D4-4557-949F-67BCF6F3057D}.Release|Any CPU.ActiveCfg = Release|Any CPU
		{7A7ADAC8-F8D4-4557-949F-67BCF6F3057D}.Release|Any CPU.Build.0 = Release|Any CPU
		{6E977C05-A385-43EB-8176-2FC801891CDB}.Debug|Any CPU.ActiveCfg = Debug|Any CPU
		{6E977C05-A385-43EB-8176-2FC801891CDB}.Debug|Any CPU.Build.0 = Debug|Any CPU
		{6E977C05-A385-43EB-8176-2FC801891CDB}.Release|Any CPU.ActiveCfg = Release|Any CPU
		{6E977C05-A385-43EB-8176-2FC801891CDB}.Release|Any CPU.Build.0 = Release|Any CPU
		{E47D1521-6631-4326-9906-E5794767BB8E}.Debug|Any CPU.ActiveCfg = Debug|Any CPU
		{E47D1521-6631-4326-9906-E5794767BB8E}.Debug|Any CPU.Build.0 = Debug|Any CPU
		{E47D1521-6631-4326-9906-E5794767BB8E}.Release|Any CPU.ActiveCfg = Release|Any CPU
		{E47D1521-6631-4326-9906-E5794767BB8E}.Release|Any CPU.Build.0 = Release|Any CPU
		{EB693B7C-27A1-46FC-8D5E-6516120BDBED}.Debug|Any CPU.ActiveCfg = Debug|Any CPU
		{EB693B7C-27A1-46FC-8D5E-6516120BDBED}.Debug|Any CPU.Build.0 = Debug|Any CPU
		{EB693B7C-27A1-46FC-8D5E-6516120BDBED}.Release|Any CPU.ActiveCfg = Release|Any CPU
		{EB693B7C-27A1-46FC-8D5E-6516120BDBED}.Release|Any CPU.Build.0 = Release|Any CPU
	EndGlobalSection
	GlobalSection(SolutionProperties) = preSolution
		HideSolutionNode = FALSE
	EndGlobalSection
	GlobalSection(NestedProjects) = preSolution
		{6E977C05-A385-43EB-8176-2FC801891CDB} = {2C92A98A-5193-48A6-9B4B-992B803C04FE}
		{E47D1521-6631-4326-9906-E5794767BB8E} = {A7E980C5-2009-498D-8186-92C23331E836}
		{EB693B7C-27A1-46FC-8D5E-6516120BDBED} = {A7E980C5-2009-498D-8186-92C23331E836}
	EndGlobalSection
	GlobalSection(ExtensibilityGlobals) = postSolution
		SolutionGuid = {13DEC178-59CD-4396-B1A1-7FB89D08D0F4}
	EndGlobalSection
EndGlobal
