
Microsoft Visual Studio Solution File, Format Version 12.00
# Visual Studio Version 16
VisualStudioVersion = 16.0.31613.86
MinimumVisualStudioVersion = 10.0.40219.1
Project("{9A19103F-16F7-4668-BE54-9A1E7A4F7556}") = "BuildBackup", "BuildBackup\BuildBackup.csproj", "{7A7ADAC8-F8D4-4557-949F-67BCF6F3057D}"
EndProject
Project("{9A19103F-16F7-4668-BE54-9A1E7A4F7556}") = "RequestReplayer", "RequestReplayer\RequestReplayer.csproj", "{36B2AA30-1CC6-4670-9CC9-0E17F047BDA3}"
EndProject
Project("{2150E333-8FDC-42A3-9474-1A3956D46DE8}") = "Tests", "Tests", "{2C92A98A-5193-48A6-9B4B-992B803C04FE}"
EndProject
Project("{9A19103F-16F7-4668-BE54-9A1E7A4F7556}") = "BuildBackup.Test", "BuildBackup.Test\BuildBackup.Test.csproj", "{6E977C05-A385-43EB-8176-2FC801891CDB}"
EndProject
Global
	GlobalSection(SolutionConfigurationPlatforms) = preSolution
		Debug|Any CPU = Debug|Any CPU
		Release|Any CPU = Release|Any CPU
	EndGlobalSection
	GlobalSection(ProjectConfigurationPlatforms) = postSolution
		{7A7ADAC8-F8D4-4557-949F-67BCF6F3057D}.Debug|Any CPU.ActiveCfg = Debug|Any CPU
		{7A7ADAC8-F8D4-4557-949F-67BCF6F3057D}.Debug|Any CPU.Build.0 = Debug|Any CPU
		{7A7ADAC8-F8D4-4557-949F-67BCF6F3057D}.Release|Any CPU.ActiveCfg = Release|Any CPU
		{7A7ADAC8-F8D4-4557-949F-67BCF6F3057D}.Release|Any CPU.Build.0 = Release|Any CPU
		{36B2AA30-1CC6-4670-9CC9-0E17F047BDA3}.Debug|Any CPU.ActiveCfg = Debug|Any CPU
		{36B2AA30-1CC6-4670-9CC9-0E17F047BDA3}.Debug|Any CPU.Build.0 = Debug|Any CPU
		{36B2AA30-1CC6-4670-9CC9-0E17F047BDA3}.Release|Any CPU.ActiveCfg = Release|Any CPU
		{36B2AA30-1CC6-4670-9CC9-0E17F047BDA3}.Release|Any CPU.Build.0 = Release|Any CPU
		{6E977C05-A385-43EB-8176-2FC801891CDB}.Debug|Any CPU.ActiveCfg = Debug|Any CPU
		{6E977C05-A385-43EB-8176-2FC801891CDB}.Debug|Any CPU.Build.0 = Debug|Any CPU
		{6E977C05-A385-43EB-8176-2FC801891CDB}.Release|Any CPU.ActiveCfg = Release|Any CPU
		{6E977C05-A385-43EB-8176-2FC801891CDB}.Release|Any CPU.Build.0 = Release|Any CPU
	EndGlobalSection
	GlobalSection(SolutionProperties) = preSolution
		HideSolutionNode = FALSE
	EndGlobalSection
	GlobalSection(NestedProjects) = preSolution
		{6E977C05-A385-43EB-8176-2FC801891CDB} = {2C92A98A-5193-48A6-9B4B-992B803C04FE}
	EndGlobalSection
	GlobalSection(ExtensibilityGlobals) = postSolution
		SolutionGuid = {13DEC178-59CD-4396-B1A1-7FB89D08D0F4}
	EndGlobalSection
EndGlobal
